# This file may be used to create an environment using:
# $ conda create --name <env> --file <this file>
# platform: linux-64
@EXPLICIT
https://conda.anaconda.org/conda-forge/linux-64/libgomp-15.2.0-he0feb66_18.conda#239c5e9546c38a1e884d69effcf4c882
https://conda.anaconda.org/conda-forge/linux-64/_openmp_mutex-4.5-20_gnu.conda#a9f577daf3de00bca7c3c76c0ecbd1de
https://conda.anaconda.org/conda-forge/linux-64/libgcc-15.2.0-he0feb66_18.conda#0aa00f03f9e39fb9876085dee11a85d4
https://conda.anaconda.org/conda-forge/linux-64/aws-c-common-0.10.6-hb9d3cd8_0.conda#d7d4680337a14001b0e043e96529409b
https://conda.anaconda.org/conda-forge/noarch/ca-certificates-2026.2.25-hbd8a1cb_0.conda#4492fd26db29495f0ba23f146cd5638d
https://conda.anaconda.org/conda-forge/linux-64/openssl-3.6.1-h35e630c_1.conda#f61eb8cd60ff9057122a3d338b99c00f
https://conda.anaconda.org/conda-forge/linux-64/aws-c-cal-0.8.1-h1a47875_3.conda#55a8561fdbbbd34f50f57d9be12ed084
https://conda.anaconda.org/conda-forge/linux-64/aws-c-compression-0.3.0-h4e1184b_5.conda#3f4c1197462a6df2be6dc8241828fe93
https://conda.anaconda.org/conda-forge/linux-64/s2n-1.5.11-h072c03f_0.conda#5e8060d52f676a40edef0006a75c718f
https://conda.anaconda.org/conda-forge/linux-64/aws-c-io-0.15.3-h173a860_6.conda#9a063178f1af0a898526cc24ba7be486
https://conda.anaconda.org/conda-forge/linux-64/aws-c-http-0.9.2-hefd7a92_4.conda#5ce4df662d32d3123ea8da15571b6f51
https://conda.anaconda.org/conda-forge/linux-64/aws-c-sdkutils-0.2.2-h4e1184b_0.conda#dcd498d493818b776a77fbc242fbf8e4
https://conda.anaconda.org/conda-forge/linux-64/aws-c-auth-0.8.1-h205f482_0.conda#9c500858e88df50af3cc883d194de78a
https://conda.anaconda.org/conda-forge/linux-64/aws-checksums-0.2.2-h4e1184b_4.conda#74e8c3e4df4ceae34aa2959df4b28101
https://conda.anaconda.org/conda-forge/linux-64/libstdcxx-15.2.0-h934c35e_18.conda#1b08cd684f34175e4514474793d44bcb
https://conda.anaconda.org/conda-forge/linux-64/aws-c-event-stream-0.5.0-h7959bf6_11.conda#9b3fb60fe57925a92f399bc3fc42eccf
https://conda.anaconda.org/conda-forge/linux-64/aws-c-mqtt-0.11.0-h11f4f37_12.conda#96c3e0221fa2da97619ee82faa341a73
https://conda.anaconda.org/conda-forge/linux-64/aws-c-s3-0.7.9-he1b24dc_1.conda#caafc32928a5f7f3f7ef67d287689144
https://conda.anaconda.org/conda-forge/linux-64/bzip2-1.0.8-hda65f42_9.conda#d2ffd7602c02f2b316fd921d39876885
https://conda.anaconda.org/conda-forge/linux-64/libzlib-1.3.2-h25fd6f3_2.conda#d87ff7921124eccd67248aa483c23fec
https://conda.anaconda.org/conda-forge/linux-64/zstd-1.5.7-hb78ec9c_6.conda#4a13eeac0b5c8e5b8ab496e6c4ddd829
https://conda.anaconda.org/conda-forge/linux-64/ld_impl_linux-64-2.45.1-default_hbd61a6d_102.conda#18335a698559cdbcd86150a48bf54ba6
https://conda.anaconda.org/conda-forge/linux-64/libexpat-2.7.4-hecca717_0.conda#e7f7ce06ec24cfcfb9e36d28cf82ba57
https://conda.anaconda.org/conda-forge/linux-64/libffi-3.5.2-h3435931_0.conda#a360c33a5abe61c07959e449fa1453eb
https://conda.anaconda.org/conda-forge/linux-64/liblzma-5.8.2-hb03c661_0.conda#c7c83eecbb72d88b940c249af56c8b17
https://conda.anaconda.org/conda-forge/linux-64/libmpdec-4.0.0-hb03c661_1.conda#2c21e66f50753a083cbe6b80f38268fa
https://conda.anaconda.org/conda-forge/linux-64/libsqlite-3.52.0-h0c1763c_0.conda#a7bda2babcbb004443cb1c0be9a8c353
https://conda.anaconda.org/conda-forge/linux-64/libuuid-2.41.3-h5347b49_0.conda#db409b7c1720428638e7c0d509d3e1b5
https://conda.anaconda.org/conda-forge/linux-64/ncurses-6.5-h2d0b736_3.conda#47e340acb35de30501a76c7c799c41d7
https://conda.anaconda.org/conda-forge/noarch/python_abi-3.13-8_cp313.conda#94305520c52a4aa3f6c2b1ff6008d9f8
https://conda.anaconda.org/conda-forge/linux-64/readline-8.3-h853b02a_0.conda#d7d95fc8287ea7bf33e0e7116d2b95ec
https://conda.anaconda.org/conda-forge/linux-64/tk-8.6.13-noxft_h366c992_103.conda#cffd3bdd58090148f4cfcd831f4b26ab
https://conda.anaconda.org/conda-forge/noarch/tzdata-2025c-hc9c84f9_1.conda#ad659d0a2b3e47e38d829aa8cad2d610
https://conda.anaconda.org/conda-forge/linux-64/python-3.13.12-hc97d973_100_cp313.conda#4c875ed0e78c2d407ec55eadffb8cf3d
https://conda.anaconda.org/conda-forge/linux-64/awscrt-0.23.8-py313h2f29ae8_0.conda#47afca5d66f80518e0a23d256ea3a3c7
https://conda.anaconda.org/conda-forge/noarch/colorama-0.4.6-pyhd8ed1ab_1.conda#962b9857ee8e7018c22f2776ffa0b2d7
https://conda.anaconda.org/conda-forge/noarch/pycparser-2.22-pyh29332c3_1.conda#12c566707c80111f9799308d9e265aef
https://conda.anaconda.org/conda-forge/linux-64/cffi-2.0.0-py313hf46b229_1.conda#d0616e7935acab407d1543b28c446f6f
https://conda.anaconda.org/conda-forge/linux-64/cryptography-43.0.1-py313h6556f6e_0.conda#4d1bd84901f39acf8b37f1918c06b62a
https://conda.anaconda.org/conda-forge/noarch/distro-1.8.0-pyhd8ed1ab_0.conda#67999c5465064480fa8016d00ac768f6
https://conda.anaconda.org/conda-forge/linux-64/docutils-0.18.1-py313h78bf25f_1.conda#0d72df6ebc7870ee7f7486dde11b7732
https://conda.anaconda.org/conda-forge/noarch/jmespath-1.0.1-pyhd8ed1ab_1.conda#972bdca8f30147135f951847b30399ea
https://conda.anaconda.org/conda-forge/noarch/wcwidth-0.6.0-pyhd8ed1ab_0.conda#c3197f8c0d5b955c904616b716aca093
https://conda.anaconda.org/conda-forge/noarch/prompt-toolkit-3.0.38-pyha770c72_0.conda#59ba1bf8ea558751a0d391249a248765
https://conda.anaconda.org/conda-forge/noarch/six-1.17.0-pyhe01879c_1.conda#3339e3b65d58accf4ca4fb8748ab16b3
https://conda.anaconda.org/conda-forge/noarch/python-dateutil-2.9.0-pyhd8ed1ab_0.conda#2cf4264fffb9e6eff6031c5b6884d61c
https://conda.anaconda.org/conda-forge/linux-64/ruamel.yaml.clib-0.2.8-py313h536fd9c_1.conda#d3400df9c9d0b58368bc0c0fc2591c39
https://conda.anaconda.org/conda-forge/noarch/setuptools-82.0.1-pyh332efcf_0.conda#8e194e7b992f99a5015edbd4ebd38efd
https://conda.anaconda.org/conda-forge/linux-64/ruamel.yaml-0.17.17-py313h07c4f96_4.conda#5f6e84306587444b4170bca3e7cb2336
https://conda.anaconda.org/conda-forge/linux-64/brotli-python-1.2.0-py313hf159716_1.conda#6c4d3597cf43f3439a51b2b13e29a4ba
https://conda.anaconda.org/conda-forge/noarch/pysocks-1.7.1-pyha55dd90_7.conda#461219d1a5bd61342293efa2c0c90eac
https://conda.anaconda.org/conda-forge/noarch/urllib3-1.26.20-pyhd8ed1ab_0.conda#0511ede4b6dd034d77fa80c6d09794e1
https://conda.anaconda.org/conda-forge/noarch/zipp-3.20.2-pyhd8ed1ab_0.conda#4daaed111c05672ae669f7036ee5bba3
https://conda.anaconda.org/conda-forge/linux-64/awscli-2.25.8-py313h78bf25f_0.conda#bde98157449fac1856a4226ecbfdedb5
https://conda.anaconda.org/conda-forge/noarch/kernel-headers_linux-64-4.18.0-he073ed8_9.conda#86d9cba083cd041bfbf242a01a7a1999
https://conda.anaconda.org/conda-forge/noarch/sysroot_linux-64-2.28-h4ee821c_9.conda#13dc3adbc692664cd3beabd216434749
https://conda.anaconda.org/conda-forge/linux-64/binutils_impl_linux-64-2.45.1-default_hfdba357_102.conda#8165352fdce2d2025bf884dc0ee85700
https://conda.anaconda.org/conda-forge/linux-64/lz4-c-1.10.0-h5888daf_1.conda#9de5350a85c4a20c685259b889aa6393
https://conda.anaconda.org/conda-forge/linux-64/snappy-1.2.2-h03e3b7b_1.conda#98b6c9dc80eb87b2519b97bcf7e578dd
https://conda.anaconda.org/conda-forge/linux-64/blosc-1.21.6-he440d0b_1.conda#2c2fae981fd2afd00812c92ac47d023d
https://conda.anaconda.org/conda-forge/linux-64/c-ares-1.34.6-hb03c661_0.conda#920bb03579f15389b9e512095ad995b7
https://conda.anaconda.org/conda-forge/linux-64/keyutils-1.6.3-hb9d3cd8_0.conda#b38117a3c920364aff79f870c984b4a3
https://conda.anaconda.org/conda-forge/linux-64/libedit-3.1.20250104-pl5321h7949ede_0.conda#c277e0a4d549b03ac1e9d6cbbe3d017b
https://conda.anaconda.org/conda-forge/linux-64/krb5-1.22.2-ha1258a1_0.conda#fb53fb07ce46a575c5d004bbc96032c2
https://conda.anaconda.org/conda-forge/linux-64/libgcc-ng-15.2.0-h69a702a_18.conda#d5e96b1ed75ca01906b3d2469b4ce493
https://conda.anaconda.org/conda-forge/linux-64/libev-4.33-hd590300_2.conda#172bf1cd1ff8629f2b1179945ed45055
https://conda.anaconda.org/conda-forge/linux-64/libnghttp2-1.68.1-h877daf1_0.conda#2a45e7f8af083626f009645a6481f12d
https://conda.anaconda.org/conda-forge/linux-64/libssh2-1.11.1-hcf80075_0.conda#eecce068c7e4eddeb169591baac20ac4
https://conda.anaconda.org/conda-forge/linux-64/libcurl-8.19.0-hcf29cc6_0.conda#d50608c443a30c341c24277d28290f76
https://conda.anaconda.org/conda-forge/linux-64/libuv-1.51.0-hb03c661_1.conda#0f03292cc56bf91a077a134ea8747118
https://conda.anaconda.org/conda-forge/linux-64/rhash-1.4.6-hb9d3cd8_1.conda#c1c9b02933fdb2cfb791d936c20e887e
https://conda.anaconda.org/conda-forge/linux-64/liblzma-devel-5.8.2-hb03c661_0.conda#de60549ba9d8921dff3afa4b179e2a4b
https://conda.anaconda.org/conda-forge/linux-64/xz-gpl-tools-5.8.2-ha02ee65_0.conda#a159fe1e8200dd67fa88ddea9169d25a
https://conda.anaconda.org/conda-forge/linux-64/xz-tools-5.8.2-hb03c661_0.conda#dfd6129671f782988d665354e7aa269d
https://conda.anaconda.org/conda-forge/linux-64/xz-5.8.2-ha02ee65_0.conda#d34b831f6d6a9b014eb7cf65f6329bba
https://conda.anaconda.org/conda-forge/linux-64/cmake-3.30.3-hf9cb763_0.conda#fc8302679ce2d68307de499d01236928
https://conda.anaconda.org/conda-forge/noarch/libgcc-devel_linux-64-14.1.0-h5d3d1c9_101.conda#713834677de996ac1bc1b0b305ba46ba
https://conda.anaconda.org/conda-forge/linux-64/libsanitizer-14.1.0-hcba0ae0_1.conda#b56e6664bb9a57a29fd91df582223409
https://conda.anaconda.org/conda-forge/linux-64/gcc_impl_linux-64-14.1.0-h3c94d91_1.conda#4e32ec060bf4a30c6fff81a920dc0ec9
https://conda.anaconda.org/conda-forge/linux-64/gcc-14.1.0-h6f9ffa1_1.conda#595dbf08d669d19b0aeda43015a47127
https://conda.anaconda.org/conda-forge/linux-64/libgfortran5-15.2.0-h68bc16d_18.conda#646855f357199a12f02a87382d429b75
https://conda.anaconda.org/conda-forge/linux-64/gfortran_impl_linux-64-14.1.0-he4a1faa_1.conda#0ae35a9298e2475dc877da9adaa8e490
https://conda.anaconda.org/conda-forge/linux-64/gfortran-14.1.0-h6f9ffa1_1.conda#aa196729ec952c409fda54aa985db967
https://conda.anaconda.org/conda-forge/linux-64/libiconv-1.18-h3b78370_2.conda#915f5995e94f60e9a4826e0b0920ee88
https://conda.anaconda.org/conda-forge/linux-64/pcre2-10.44-hc749103_2.conda#31614c73d7b103ef76faa4d83d261d34
https://conda.anaconda.org/conda-forge/linux-64/libxcrypt-4.4.36-hd590300_1.conda#5aa797f8787fe7a17d1b0821485b5adc
https://conda.anaconda.org/conda-forge/linux-64/perl-5.32.1-7_hd590300_perl5.conda#f2cfec9406850991f4e3d960cc9e3321
https://conda.anaconda.org/conda-forge/linux-64/git-2.46.2-pl5321h59d505e_0.conda#922300eae0e106e8165e41ff5763cda3
https://conda.anaconda.org/conda-forge/noarch/libstdcxx-devel_linux-64-14.1.0-h5d3d1c9_101.conda#e007246a554aaf42f73fbfd4be8db3e4
https://conda.anaconda.org/conda-forge/linux-64/gxx_impl_linux-64-14.1.0-h8d00ecb_1.conda#6ae4069622b29253444c3326613a8e1a
https://conda.anaconda.org/conda-forge/linux-64/gxx-14.1.0-h6f9ffa1_1.conda#57fab22b63ffbb665cfa4cdbbc8e20dc
https://conda.anaconda.org/conda-forge/linux-64/libjpeg-turbo-3.1.2-hb03c661_0.conda#8397539e3a0bbd1695584fb4f927485a
https://conda.anaconda.org/conda-forge/linux-64/libstdcxx-ng-15.2.0-hdf11a46_18.conda#6235adb93d064ecdf3d44faee6f468de
https://conda.anaconda.org/conda-forge/linux-64/hdf4-4.2.15-h2a13503_7.conda#bd77f8da987968ec3927990495dc22e4
https://conda.anaconda.org/conda-forge/linux-64/libaec-1.1.5-h088129d_0.conda#86f7414544ae606282352fa1e116b41f
https://conda.anaconda.org/conda-forge/linux-64/libgfortran-15.2.0-h69a702a_18.conda#9063115da5bc35fdc3e1002e69b9ef6e
https://conda.anaconda.org/conda-forge/linux-64/libnl-3.11.0-hb9d3cd8_0.conda#db63358239cbe1ff86242406d440e44a
https://conda.anaconda.org/conda-forge/linux-64/libcap-2.77-hd0affe5_1.conda#499cd8e2d4358986dbe3b30e8fe1bf6a
https://conda.anaconda.org/conda-forge/linux-64/libsystemd0-257.13-hd0affe5_0.conda#8ee3cb7f64be0e8c4787f3a4dbe024e6
https://conda.anaconda.org/conda-forge/linux-64/libudev1-257.13-hd0affe5_0.conda#2c2270f93d6f9073cbf72d821dfc7d72
https://conda.anaconda.org/conda-forge/linux-64/rdma-core-61.0-h192683f_0.conda#d487d93d170e332ab39803e05912a762
https://conda.anaconda.org/conda-forge/linux-64/libfabric1-2.5.0-h8f87c3e_1.conda#c29115a9cb2decec04a8942c8e5c347c
https://conda.anaconda.org/conda-forge/linux-64/libfabric-2.5.0-ha770c72_1.conda#85f6e5bf235010af3b8a72de8dfafb71
https://conda.anaconda.org/conda-forge/linux-64/icu-75.1-he02047a_0.conda#8b189310083baabfb622af68fd9d3ae3
https://conda.anaconda.org/conda-forge/linux-64/libxml2-2.13.9-h04c0eec_0.conda#35eeb0a2add53b1e50218ed230fa6a02
https://conda.anaconda.org/conda-forge/linux-64/libhwloc-2.12.1-default_h3d81e11_1000.conda#d821210ab60be56dd27b5525ed18366d
https://conda.anaconda.org/conda-forge/noarch/mpi-1.0.1-mpich.conda#1052de900d672ec8b3713b8e300a8f06
https://conda.anaconda.org/conda-forge/linux-64/ucx-1.19.1-h567e125_0.conda#ebddc06816f6da025819151f34dcb070
https://conda.anaconda.org/conda-forge/linux-64/mpich-4.3.2-h79b1c89_101.conda#d61c7885100fe68227e41bde12af524b
https://conda.anaconda.org/conda-forge/linux-64/hdf5-1.14.6-mpi_mpich_hfe583f4_7.conda#347aeaf15235a58d2bbf31102239afed
https://conda.anaconda.org/conda-forge/linux-64/libpnetcdf-1.14.1-mpi_mpich_h3dbf9f6_100.conda#646c4f742054271f45783f8e4664d8ca
https://conda.anaconda.org/conda-forge/linux-64/libzip-1.11.2-h6991a6a_0.conda#a7b27c075c9b7f459f1c022090697cba
https://conda.anaconda.org/conda-forge/linux-64/zlib-1.3.2-h25fd6f3_2.conda#c2a01a08fc991620a74b32420e97868a
https://conda.anaconda.org/conda-forge/linux-64/libnetcdf-4.9.2-mpi_mpich_h3f6f051_18.conda#f41be1fdb9bea41c29cdc243715135fe
https://conda.anaconda.org/conda-forge/linux-64/make-4.4.1-hb9d3cd8_2.conda#33405d2a66b1411db9f7242c8b97c9e7
https://conda.anaconda.org/conda-forge/linux-64/netcdf-fortran-4.6.1-mpi_mpich_h8126461_9.conda#a2fe0e390038e6b960df8b3fadd0ec93
https://conda.anaconda.org/conda-forge/noarch/pip-26.0.1-pyh145f28c_0.conda#09a970fbf75e8ed1aa633827ded6aa4f
https://conda.anaconda.org/conda-forge/linux-64/yaml-0.2.5-h280c20c_3.conda#a77f85f77be52ff59391544bfe73390a
https://conda.anaconda.org/conda-forge/linux-64/pyyaml-6.0.2-py313h8060acc_2.conda#50992ba61a8a1f8c2d346168ae1c86df
https://conda.anaconda.org/conda-forge/linux-64/tree-2.1.3-h4bc722e_0.conda#d70e9352b92edbc76a78f0ada07d0af4
